{
  "name": "create-typesprite",
  "version": "0.2.2",
  "lockfileVersion": 2,
  "requires": true,
  "packages": {
    "": {
      "name": "create-typesprite",
      "version": "0.2.2",
      "license": "MIT",
      "bin": {
        "create-typesprite": "index.js"
      },
      "engines": {
        "node": "^14.18.0 || >=16.0.0"
      }
    }
  }
}
